// !$*UTF8*$!
{
	archiveVersion = 1;
	classes = {
	};
	objectVersion = 55;
	objects = {

/* Begin PBXBuildFile section */
		20AEF6277C6633DF42D01F76 /* Pods_NutritionFacts.framework in Frameworks */ = {isa = PBXBuildFile; fileRef = D8556A783BE40FD26E68E716 /* Pods_NutritionFacts.framework */; };
		D2602299292A4F7C003B8127 /* ApiBaseRouter.swift in Sources */ = {isa = PBXBuildFile; fileRef = D2602298292A4F7C003B8127 /* ApiBaseRouter.swift */; };
		D260229D292A51BD003B8127 /* NetworkManager.swift in Sources */ = {isa = PBXBuildFile; fileRef = D260229C292A51BD003B8127 /* NetworkManager.swift */; };
		D26022A1292A52C3003B8127 /* BaseModel.swift in Sources */ = {isa = PBXBuildFile; fileRef = D26022A0292A52C3003B8127 /* BaseModel.swift */; };
		D26022A3292A52DA003B8127 /* MetaModel.swift in Sources */ = {isa = PBXBuildFile; fileRef = D26022A2292A52DA003B8127 /* MetaModel.swift */; };
		D26022A5292A55FD003B8127 /* Data+Extensions.swift in Sources */ = {isa = PBXBuildFile; fileRef = D26022A4292A55FD003B8127 /* Data+Extensions.swift */; };
		D26022A7292A563F003B8127 /* NetworkError.swift in Sources */ = {isa = PBXBuildFile; fileRef = D26022A6292A563F003B8127 /* NetworkError.swift */; };
		D26022A9292A57EF003B8127 /* NetworkConfigInfo.swift in Sources */ = {isa = PBXBuildFile; fileRef = D26022A8292A57EF003B8127 /* NetworkConfigInfo.swift */; };
		D26022B6292AC329003B8127 /* FactsRouter.swift in Sources */ = {isa = PBXBuildFile; fileRef = D26022B5292AC329003B8127 /* FactsRouter.swift */; };
		D26022B9292AC359003B8127 /* FactsModel.swift in Sources */ = {isa = PBXBuildFile; fileRef = D26022B8292AC359003B8127 /* FactsModel.swift */; };
		D26022BB292AC370003B8127 /* NutritionModel.swift in Sources */ = {isa = PBXBuildFile; fileRef = D26022BA292AC370003B8127 /* NutritionModel.swift */; };
		D26022BD292ACAB6003B8127 /* UIView+Extensions.swift in Sources */ = {isa = PBXBuildFile; fileRef = D26022BC292ACAB6003B8127 /* UIView+Extensions.swift */; };
		D26022BF292ACB0F003B8127 /* NutritionFactsViewModel.swift in Sources */ = {isa = PBXBuildFile; fileRef = D26022BE292ACB0F003B8127 /* NutritionFactsViewModel.swift */; };
		D26022C1292ACB1E003B8127 /* NutritionFactsUseCase.swift in Sources */ = {isa = PBXBuildFile; fileRef = D26022C0292ACB1E003B8127 /* NutritionFactsUseCase.swift */; };
		D26022C4292ACC19003B8127 /* NutritionFactsStore.swift in Sources */ = {isa = PBXBuildFile; fileRef = D26022C3292ACC19003B8127 /* NutritionFactsStore.swift */; };
		D26022C6292AD144003B8127 /* UIViewController+Extensions.swift in Sources */ = {isa = PBXBuildFile; fileRef = D26022C5292AD144003B8127 /* UIViewController+Extensions.swift */; };
		D26022CA292AD53C003B8127 /* UIColor+Extensions.swift in Sources */ = {isa = PBXBuildFile; fileRef = D26022C9292AD53C003B8127 /* UIColor+Extensions.swift */; };
		D26022D3292B633B003B8127 /* NutritionFactsViewController.swift in Sources */ = {isa = PBXBuildFile; fileRef = D26022D1292B633B003B8127 /* NutritionFactsViewController.swift */; };
		D26022D4292B633B003B8127 /* NutritionFactsViewController.xib in Resources */ = {isa = PBXBuildFile; fileRef = D26022D2292B633B003B8127 /* NutritionFactsViewController.xib */; };
		D2DEF3E1292BF3640006E648 /* ResponseModel.swift in Sources */ = {isa = PBXBuildFile; fileRef = D2DEF3E0292BF3640006E648 /* ResponseModel.swift */; };
		D2F46BC3292A0D56005DA9CB /* AppDelegate.swift in Sources */ = {isa = PBXBuildFile; fileRef = D2F46BC2292A0D56005DA9CB /* AppDelegate.swift */; };
		D2F46BCC292A0D57005DA9CB /* Assets.xcassets in Resources */ = {isa = PBXBuildFile; fileRef = D2F46BCB292A0D57005DA9CB /* Assets.xcassets */; };
		D2F46BCF292A0D57005DA9CB /* LaunchScreen.storyboard in Resources */ = {isa = PBXBuildFile; fileRef = D2F46BCD292A0D57005DA9CB /* LaunchScreen.storyboard */; };
/* End PBXBuildFile section */

/* Begin PBXFileReference section */
		BA8A064353D20FEC53F06E60 /* Pods-NutritionFacts.debug.xcconfig */ = {isa = PBXFileReference; includeInIndex = 1; lastKnownFileType = text.xcconfig; name = "Pods-NutritionFacts.debug.xcconfig"; path = "Target Support Files/Pods-NutritionFacts/Pods-NutritionFacts.debug.xcconfig"; sourceTree = "<group>"; };
		D2602298292A4F7C003B8127 /* ApiBaseRouter.swift */ = {isa = PBXFileReference; lastKnownFileType = sourcecode.swift; path = ApiBaseRouter.swift; sourceTree = "<group>"; };
		D260229C292A51BD003B8127 /* NetworkManager.swift */ = {isa = PBXFileReference; lastKnownFileType = sourcecode.swift; path = NetworkManager.swift; sourceTree = "<group>"; };
		D26022A0292A52C3003B8127 /* BaseModel.swift */ = {isa = PBXFileReference; lastKnownFileType = sourcecode.swift; path = BaseModel.swift; sourceTree = "<group>"; };
		D26022A2292A52DA003B8127 /* MetaModel.swift */ = {isa = PBXFileReference; lastKnownFileType = sourcecode.swift; path = MetaModel.swift; sourceTree = "<group>"; };
		D26022A4292A55FD003B8127 /* Data+Extensions.swift */ = {isa = PBXFileReference; lastKnownFileType = sourcecode.swift; path = "Data+Extensions.swift"; sourceTree = "<group>"; };
		D26022A6292A563F003B8127 /* NetworkError.swift */ = {isa = PBXFileReference; lastKnownFileType = sourcecode.swift; path = NetworkError.swift; sourceTree = "<group>"; };
		D26022A8292A57EF003B8127 /* NetworkConfigInfo.swift */ = {isa = PBXFileReference; lastKnownFileType = sourcecode.swift; path = NetworkConfigInfo.swift; sourceTree = "<group>"; };
		D26022B5292AC329003B8127 /* FactsRouter.swift */ = {isa = PBXFileReference; lastKnownFileType = sourcecode.swift; path = FactsRouter.swift; sourceTree = "<group>"; };
		D26022B8292AC359003B8127 /* FactsModel.swift */ = {isa = PBXFileReference; lastKnownFileType = sourcecode.swift; path = FactsModel.swift; sourceTree = "<group>"; };
		D26022BA292AC370003B8127 /* NutritionModel.swift */ = {isa = PBXFileReference; lastKnownFileType = sourcecode.swift; path = NutritionModel.swift; sourceTree = "<group>"; };
		D26022BC292ACAB6003B8127 /* UIView+Extensions.swift */ = {isa = PBXFileReference; lastKnownFileType = sourcecode.swift; path = "UIView+Extensions.swift"; sourceTree = "<group>"; };
		D26022BE292ACB0F003B8127 /* NutritionFactsViewModel.swift */ = {isa = PBXFileReference; lastKnownFileType = sourcecode.swift; path = NutritionFactsViewModel.swift; sourceTree = "<group>"; };
		D26022C0292ACB1E003B8127 /* NutritionFactsUseCase.swift */ = {isa = PBXFileReference; lastKnownFileType = sourcecode.swift; path = NutritionFactsUseCase.swift; sourceTree = "<group>"; };
		D26022C3292ACC19003B8127 /* NutritionFactsStore.swift */ = {isa = PBXFileReference; lastKnownFileType = sourcecode.swift; path = NutritionFactsStore.swift; sourceTree = "<group>"; };
		D26022C5292AD144003B8127 /* UIViewController+Extensions.swift */ = {isa = PBXFileReference; lastKnownFileType = sourcecode.swift; path = "UIViewController+Extensions.swift"; sourceTree = "<group>"; };
		D26022C9292AD53C003B8127 /* UIColor+Extensions.swift */ = {isa = PBXFileReference; lastKnownFileType = sourcecode.swift; path = "UIColor+Extensions.swift"; sourceTree = "<group>"; };
		D26022D1292B633B003B8127 /* NutritionFactsViewController.swift */ = {isa = PBXFileReference; lastKnownFileType = sourcecode.swift; path = NutritionFactsViewController.swift; sourceTree = "<group>"; };
		D26022D2292B633B003B8127 /* NutritionFactsViewController.xib */ = {isa = PBXFileReference; lastKnownFileType = file.xib; path = NutritionFactsViewController.xib; sourceTree = "<group>"; };
		D2DEF3E0292BF3640006E648 /* ResponseModel.swift */ = {isa = PBXFileReference; lastKnownFileType = sourcecode.swift; path = ResponseModel.swift; sourceTree = "<group>"; };
		D2F46BBF292A0D56005DA9CB /* NutritionFacts.app */ = {isa = PBXFileReference; explicitFileType = wrapper.application; includeInIndex = 0; path = NutritionFacts.app; sourceTree = BUILT_PRODUCTS_DIR; };
		D2F46BC2292A0D56005DA9CB /* AppDelegate.swift */ = {isa = PBXFileReference; lastKnownFileType = sourcecode.swift; path = AppDelegate.swift; sourceTree = "<group>"; };
		D2F46BCB292A0D57005DA9CB /* Assets.xcassets */ = {isa = PBXFileReference; lastKnownFileType = folder.assetcatalog; path = Assets.xcassets; sourceTree = "<group>"; };
		D2F46BCE292A0D57005DA9CB /* Base */ = {isa = PBXFileReference; lastKnownFileType = file.storyboard; name = Base; path = Base.lproj/LaunchScreen.storyboard; sourceTree = "<group>"; };
		D2F46BD0292A0D57005DA9CB /* Info.plist */ = {isa = PBXFileReference; lastKnownFileType = text.plist.xml; path = Info.plist; sourceTree = "<group>"; };
		D8556A783BE40FD26E68E716 /* Pods_NutritionFacts.framework */ = {isa = PBXFileReference; explicitFileType = wrapper.framework; includeInIndex = 0; path = Pods_NutritionFacts.framework; sourceTree = BUILT_PRODUCTS_DIR; };
		FFF8DBC7582C3AC514542451 /* Pods-NutritionFacts.release.xcconfig */ = {isa = PBXFileReference; includeInIndex = 1; lastKnownFileType = text.xcconfig; name = "Pods-NutritionFacts.release.xcconfig"; path = "Target Support Files/Pods-NutritionFacts/Pods-NutritionFacts.release.xcconfig"; sourceTree = "<group>"; };
/* End PBXFileReference section */

/* Begin PBXFrameworksBuildPhase section */
		D2F46BBC292A0D56005DA9CB /* Frameworks */ = {
			isa = PBXFrameworksBuildPhase;
			buildActionMask = 2147483647;
			files = (
				20AEF6277C6633DF42D01F76 /* Pods_NutritionFacts.framework in Frameworks */,
			);
			runOnlyForDeploymentPostprocessing = 0;
		};
/* End PBXFrameworksBuildPhase section */

/* Begin PBXGroup section */
		4656C8E66908BC72FED1E5C0 /* Pods */ = {
			isa = PBXGroup;
			children = (
				BA8A064353D20FEC53F06E60 /* Pods-NutritionFacts.debug.xcconfig */,
				FFF8DBC7582C3AC514542451 /* Pods-NutritionFacts.release.xcconfig */,
			);
			path = Pods;
			sourceTree = "<group>";
		};
		CC2FB89076AB23EE241E7D7A /* Frameworks */ = {
			isa = PBXGroup;
			children = (
				D8556A783BE40FD26E68E716 /* Pods_NutritionFacts.framework */,
			);
			name = Frameworks;
			sourceTree = "<group>";
		};
		D260229E292A528E003B8127 /* Model */ = {
			isa = PBXGroup;
			children = (
				D26022A2292A52DA003B8127 /* MetaModel.swift */,
				D26022A6292A563F003B8127 /* NetworkError.swift */,
				D2DEF3E0292BF3640006E648 /* ResponseModel.swift */,
			);
			path = Model;
			sourceTree = "<group>";
		};
		D260229F292A52AE003B8127 /* Model */ = {
			isa = PBXGroup;
			children = (
				D26022A0292A52C3003B8127 /* BaseModel.swift */,
			);
			path = Model;
			sourceTree = "<group>";
		};
		D26022B0292AC279003B8127 /* View */ = {
			isa = PBXGroup;
			children = (
				D26022D1292B633B003B8127 /* NutritionFactsViewController.swift */,
				D26022D2292B633B003B8127 /* NutritionFactsViewController.xib */,
			);
			path = View;
			sourceTree = "<group>";
		};
		D26022B1292AC27E003B8127 /* ViewModel */ = {
			isa = PBXGroup;
			children = (
				D26022BE292ACB0F003B8127 /* NutritionFactsViewModel.swift */,
			);
			path = ViewModel;
			sourceTree = "<group>";
		};
		D26022B2292AC289003B8127 /* NutritionFacts */ = {
			isa = PBXGroup;
			children = (
				D26022B7292AC34A003B8127 /* Model */,
				D26022B4292AC313003B8127 /* Router */,
				D26022C2292ACC08003B8127 /* Store */,
				D26022B3292AC2A1003B8127 /* UseCase */,
				D26022B1292AC27E003B8127 /* ViewModel */,
				D26022B0292AC279003B8127 /* View */,
			);
			path = NutritionFacts;
			sourceTree = "<group>";
		};
		D26022B3292AC2A1003B8127 /* UseCase */ = {
			isa = PBXGroup;
			children = (
				D26022C0292ACB1E003B8127 /* NutritionFactsUseCase.swift */,
			);
			path = UseCase;
			sourceTree = "<group>";
		};
		D26022B4292AC313003B8127 /* Router */ = {
			isa = PBXGroup;
			children = (
				D26022B5292AC329003B8127 /* FactsRouter.swift */,
			);
			path = Router;
			sourceTree = "<group>";
		};
		D26022B7292AC34A003B8127 /* Model */ = {
			isa = PBXGroup;
			children = (
				D26022B8292AC359003B8127 /* FactsModel.swift */,
				D26022BA292AC370003B8127 /* NutritionModel.swift */,
			);
			path = Model;
			sourceTree = "<group>";
		};
		D26022C2292ACC08003B8127 /* Store */ = {
			isa = PBXGroup;
			children = (
				D26022C3292ACC19003B8127 /* NutritionFactsStore.swift */,
			);
			path = Store;
			sourceTree = "<group>";
		};
		D2F46BB6292A0D56005DA9CB = {
			isa = PBXGroup;
			children = (
				D2F46BC1292A0D56005DA9CB /* NutritionFacts */,
				D2F46BC0292A0D56005DA9CB /* Products */,
				4656C8E66908BC72FED1E5C0 /* Pods */,
				CC2FB89076AB23EE241E7D7A /* Frameworks */,
			);
			sourceTree = "<group>";
		};
		D2F46BC0292A0D56005DA9CB /* Products */ = {
			isa = PBXGroup;
			children = (
				D2F46BBF292A0D56005DA9CB /* NutritionFacts.app */,
			);
			name = Products;
			sourceTree = "<group>";
		};
		D2F46BC1292A0D56005DA9CB /* NutritionFacts */ = {
			isa = PBXGroup;
			children = (
				D2F46BD7292A1A3D005DA9CB /* Common */,
				D2F46BD9292A1A53005DA9CB /* Network */,
				D2F46BD8292A1A47005DA9CB /* Modules */,
				D2F46BDC292A1B56005DA9CB /* MockModel */,
				D2F46BD6292A0DDB005DA9CB /* SupportingFiles */,
			);
			path = NutritionFacts;
			sourceTree = "<group>";
		};
		D2F46BD6292A0DDB005DA9CB /* SupportingFiles */ = {
			isa = PBXGroup;
			children = (
				D2F46BC2292A0D56005DA9CB /* AppDelegate.swift */,
				D2F46BCB292A0D57005DA9CB /* Assets.xcassets */,
				D2F46BCD292A0D57005DA9CB /* LaunchScreen.storyboard */,
				D2F46BD0292A0D57005DA9CB /* Info.plist */,
			);
			path = SupportingFiles;
			sourceTree = "<group>";
		};
		D2F46BD7292A1A3D005DA9CB /* Common */ = {
			isa = PBXGroup;
			children = (
				D260229F292A52AE003B8127 /* Model */,
				D2F46BDA292A1B11005DA9CB /* Extensions */,
				D2F46BDB292A1B19005DA9CB /* Handlers */,
			);
			path = Common;
			sourceTree = "<group>";
		};
		D2F46BD8292A1A47005DA9CB /* Modules */ = {
			isa = PBXGroup;
			children = (
				D26022B2292AC289003B8127 /* NutritionFacts */,
			);
			path = Modules;
			sourceTree = "<group>";
		};
		D2F46BD9292A1A53005DA9CB /* Network */ = {
			isa = PBXGroup;
			children = (
				D260229E292A528E003B8127 /* Model */,
				D2602298292A4F7C003B8127 /* ApiBaseRouter.swift */,
				D260229C292A51BD003B8127 /* NetworkManager.swift */,
				D26022A8292A57EF003B8127 /* NetworkConfigInfo.swift */,
			);
			path = Network;
			sourceTree = "<group>";
		};
		D2F46BDA292A1B11005DA9CB /* Extensions */ = {
			isa = PBXGroup;
			children = (
				D26022A4292A55FD003B8127 /* Data+Extensions.swift */,
				D26022BC292ACAB6003B8127 /* UIView+Extensions.swift */,
				D26022C5292AD144003B8127 /* UIViewController+Extensions.swift */,
				D26022C9292AD53C003B8127 /* UIColor+Extensions.swift */,
			);
			path = Extensions;
			sourceTree = "<group>";
		};
		D2F46BDB292A1B19005DA9CB /* Handlers */ = {
			isa = PBXGroup;
			children = (
			);
			path = Handlers;
			sourceTree = "<group>";
		};
		D2F46BDC292A1B56005DA9CB /* MockModel */ = {
			isa = PBXGroup;
			children = (
			);
			path = MockModel;
			sourceTree = "<group>";
		};
/* End PBXGroup section */

/* Begin PBXNativeTarget section */
		D2F46BBE292A0D56005DA9CB /* NutritionFacts */ = {
			isa = PBXNativeTarget;
			buildConfigurationList = D2F46BD3292A0D57005DA9CB /* Build configuration list for PBXNativeTarget "NutritionFacts" */;
			buildPhases = (
				AC52925DA8FCF43BCEBB8C83 /* [CP] Check Pods Manifest.lock */,
				D2F46BBB292A0D56005DA9CB /* Sources */,
				D2F46BBC292A0D56005DA9CB /* Frameworks */,
				D2F46BBD292A0D56005DA9CB /* Resources */,
				14C43F5AB1786201252BFC74 /* [CP] Embed Pods Frameworks */,
			);
			buildRules = (
			);
			dependencies = (
			);
			name = NutritionFacts;
			productName = NutritionFacts;
			productReference = D2F46BBF292A0D56005DA9CB /* NutritionFacts.app */;
			productType = "com.apple.product-type.application";
		};
/* End PBXNativeTarget section */

/* Begin PBXProject section */
		D2F46BB7292A0D56005DA9CB /* Project object */ = {
			isa = PBXProject;
			attributes = {
				BuildIndependentTargetsInParallel = 1;
				LastSwiftUpdateCheck = 1410;
				LastUpgradeCheck = 1410;
				TargetAttributes = {
					D2F46BBE292A0D56005DA9CB = {
						CreatedOnToolsVersion = 14.1;
					};
				};
			};
			buildConfigurationList = D2F46BBA292A0D56005DA9CB /* Build configuration list for PBXProject "NutritionFacts" */;
			compatibilityVersion = "Xcode 13.0";
			developmentRegion = en;
			hasScannedForEncodings = 0;
			knownRegions = (
				en,
				Base,
			);
			mainGroup = D2F46BB6292A0D56005DA9CB;
			productRefGroup = D2F46BC0292A0D56005DA9CB /* Products */;
			projectDirPath = "";
			projectRoot = "";
			targets = (
				D2F46BBE292A0D56005DA9CB /* NutritionFacts */,
			);
		};
/* End PBXProject section */

/* Begin PBXResourcesBuildPhase section */
		D2F46BBD292A0D56005DA9CB /* Resources */ = {
			isa = PBXResourcesBuildPhase;
			buildActionMask = 2147483647;
			files = (
				D2F46BCF292A0D57005DA9CB /* LaunchScreen.storyboard in Resources */,
				D2F46BCC292A0D57005DA9CB /* Assets.xcassets in Resources */,
				D26022D4292B633B003B8127 /* NutritionFactsViewController.xib in Resources */,
			);
			runOnlyForDeploymentPostprocessing = 0;
		};
/* End PBXResourcesBuildPhase section */

/* Begin PBXShellScriptBuildPhase section */
		14C43F5AB1786201252BFC74 /* [CP] Embed Pods Frameworks */ = {
			isa = PBXShellScriptBuildPhase;
			buildActionMask = 2147483647;
			files = (
			);
			inputFileListPaths = (
				"${PODS_ROOT}/Target Support Files/Pods-NutritionFacts/Pods-NutritionFacts-frameworks-${CONFIGURATION}-input-files.xcfilelist",
			);
			name = "[CP] Embed Pods Frameworks";
			outputFileListPaths = (
				"${PODS_ROOT}/Target Support Files/Pods-NutritionFacts/Pods-NutritionFacts-frameworks-${CONFIGURATION}-output-files.xcfilelist",
			);
			runOnlyForDeploymentPostprocessing = 0;
			shellPath = /bin/sh;
			shellScript = "\"${PODS_ROOT}/Target Support Files/Pods-NutritionFacts/Pods-NutritionFacts-frameworks.sh\"\n";
			showEnvVarsInLog = 0;
		};
		AC52925DA8FCF43BCEBB8C83 /* [CP] Check Pods Manifest.lock */ = {
			isa = PBXShellScriptBuildPhase;
			buildActionMask = 2147483647;
			files = (
			);
			inputFileListPaths = (
			);
			inputPaths = (
				"${PODS_PODFILE_DIR_PATH}/Podfile.lock",
				"${PODS_ROOT}/Manifest.lock",
			);
			name = "[CP] Check Pods Manifest.lock";
			outputFileListPaths = (
			);
			outputPaths = (
				"$(DERIVED_FILE_DIR)/Pods-NutritionFacts-checkManifestLockResult.txt",
			);
			runOnlyForDeploymentPostprocessing = 0;
			shellPath = /bin/sh;
			shellScript = "diff \"${PODS_PODFILE_DIR_PATH}/Podfile.lock\" \"${PODS_ROOT}/Manifest.lock\" > /dev/null\nif [ $? != 0 ] ; then\n    # print error to STDERR\n    echo \"error: The sandbox is not in sync with the Podfile.lock. Run 'pod install' or update your CocoaPods installation.\" >&2\n    exit 1\nfi\n# This output is used by Xcode 'outputs' to avoid re-running this script phase.\necho \"SUCCESS\" > \"${SCRIPT_OUTPUT_FILE_0}\"\n";
			showEnvVarsInLog = 0;
		};
/* End PBXShellScriptBuildPhase section */

/* Begin PBXSourcesBuildPhase section */
		D2F46BBB292A0D56005DA9CB /* Sources */ = {
			isa = PBXSourcesBuildPhase;
			buildActionMask = 2147483647;
			files = (
				D26022A3292A52DA003B8127 /* MetaModel.swift in Sources */,
				D26022D3292B633B003B8127 /* NutritionFactsViewController.swift in Sources */,
				D26022BF292ACB0F003B8127 /* NutritionFactsViewModel.swift in Sources */,
				D26022B6292AC329003B8127 /* FactsRouter.swift in Sources */,
				D26022A7292A563F003B8127 /* NetworkError.swift in Sources */,
				D26022BB292AC370003B8127 /* NutritionModel.swift in Sources */,
				D26022C6292AD144003B8127 /* UIViewController+Extensions.swift in Sources */,
				D26022A5292A55FD003B8127 /* Data+Extensions.swift in Sources */,
				D26022BD292ACAB6003B8127 /* UIView+Extensions.swift in Sources */,
				D260229D292A51BD003B8127 /* NetworkManager.swift in Sources */,
				D26022B9292AC359003B8127 /* FactsModel.swift in Sources */,
				D26022CA292AD53C003B8127 /* UIColor+Extensions.swift in Sources */,
				D2602299292A4F7C003B8127 /* ApiBaseRouter.swift in Sources */,
				D2F46BC3292A0D56005DA9CB /* AppDelegate.swift in Sources */,
				D26022A9292A57EF003B8127 /* NetworkConfigInfo.swift in Sources */,
				D26022C1292ACB1E003B8127 /* NutritionFactsUseCase.swift in Sources */,
				D26022A1292A52C3003B8127 /* BaseModel.swift in Sources */,
				D26022C4292ACC19003B8127 /* NutritionFactsStore.swift in Sources */,
				D2DEF3E1292BF3640006E648 /* ResponseModel.swift in Sources */,
			);
			runOnlyForDeploymentPostprocessing = 0;
		};
/* End PBXSourcesBuildPhase section */

/* Begin PBXVariantGroup section */
		D2F46BCD292A0D57005DA9CB /* LaunchScreen.storyboard */ = {
			isa = PBXVariantGroup;
			children = (
				D2F46BCE292A0D57005DA9CB /* Base */,
			);
			name = LaunchScreen.storyboard;
			sourceTree = "<group>";
		};
/* End PBXVariantGroup section */

/* Begin XCBuildConfiguration section */
		D2F46BD1292A0D57005DA9CB /* Debug */ = {
			isa = XCBuildConfiguration;
			buildSettings = {
				ALWAYS_SEARCH_USER_PATHS = NO;
				CLANG_ANALYZER_NONNULL = YES;
				CLANG_ANALYZER_NUMBER_OBJECT_CONVERSION = YES_AGGRESSIVE;
				CLANG_CXX_LANGUAGE_STANDARD = "gnu++20";
				CLANG_ENABLE_MODULES = YES;
				CLANG_ENABLE_OBJC_ARC = YES;
				CLANG_ENABLE_OBJC_WEAK = YES;
				CLANG_WARN_BLOCK_CAPTURE_AUTORELEASING = YES;
				CLANG_WARN_BOOL_CONVERSION = YES;
				CLANG_WARN_COMMA = YES;
				CLANG_WARN_CONSTANT_CONVERSION = YES;
				CLANG_WARN_DEPRECATED_OBJC_IMPLEMENTATIONS = YES;
				CLANG_WARN_DIRECT_OBJC_ISA_USAGE = YES_ERROR;
				CLANG_WARN_DOCUMENTATION_COMMENTS = YES;
				CLANG_WARN_EMPTY_BODY = YES;
				CLANG_WARN_ENUM_CONVERSION = YES;
				CLANG_WARN_INFINITE_RECURSION = YES;
				CLANG_WARN_INT_CONVERSION = YES;
				CLANG_WARN_NON_LITERAL_NULL_CONVERSION = YES;
				CLANG_WARN_OBJC_IMPLICIT_RETAIN_SELF = YES;
				CLANG_WARN_OBJC_LITERAL_CONVERSION = YES;
				CLANG_WARN_OBJC_ROOT_CLASS = YES_ERROR;
				CLANG_WARN_QUOTED_INCLUDE_IN_FRAMEWORK_HEADER = YES;
				CLANG_WARN_RANGE_LOOP_ANALYSIS = YES;
				CLANG_WARN_STRICT_PROTOTYPES = YES;
				CLANG_WARN_SUSPICIOUS_MOVE = YES;
				CLANG_WARN_UNGUARDED_AVAILABILITY = YES_AGGRESSIVE;
				CLANG_WARN_UNREACHABLE_CODE = YES;
				CLANG_WARN__DUPLICATE_METHOD_MATCH = YES;
				COPY_PHASE_STRIP = NO;
				DEBUG_INFORMATION_FORMAT = dwarf;
				ENABLE_STRICT_OBJC_MSGSEND = YES;
				ENABLE_TESTABILITY = YES;
				GCC_C_LANGUAGE_STANDARD = gnu11;
				GCC_DYNAMIC_NO_PIC = NO;
				GCC_NO_COMMON_BLOCKS = YES;
				GCC_OPTIMIZATION_LEVEL = 0;
				GCC_PREPROCESSOR_DEFINITIONS = (
					"DEBUG=1",
					"$(inherited)",
				);
				GCC_WARN_64_TO_32_BIT_CONVERSION = YES;
				GCC_WARN_ABOUT_RETURN_TYPE = YES_ERROR;
				GCC_WARN_UNDECLARED_SELECTOR = YES;
				GCC_WARN_UNINITIALIZED_AUTOS = YES_AGGRESSIVE;
				GCC_WARN_UNUSED_FUNCTION = YES;
				GCC_WARN_UNUSED_VARIABLE = YES;
				IPHONEOS_DEPLOYMENT_TARGET = 16.1;
				MTL_ENABLE_DEBUG_INFO = INCLUDE_SOURCE;
				MTL_FAST_MATH = YES;
				ONLY_ACTIVE_ARCH = YES;
				SDKROOT = iphoneos;
				SWIFT_ACTIVE_COMPILATION_CONDITIONS = DEBUG;
				SWIFT_OPTIMIZATION_LEVEL = "-Onone";
			};
			name = Debug;
		};
		D2F46BD2292A0D57005DA9CB /* Release */ = {
			isa = XCBuildConfiguration;
			buildSettings = {
				ALWAYS_SEARCH_USER_PATHS = NO;
				CLANG_ANALYZER_NONNULL = YES;
				CLANG_ANALYZER_NUMBER_OBJECT_CONVERSION = YES_AGGRESSIVE;
				CLANG_CXX_LANGUAGE_STANDARD = "gnu++20";
				CLANG_ENABLE_MODULES = YES;
				CLANG_ENABLE_OBJC_ARC = YES;
				CLANG_ENABLE_OBJC_WEAK = YES;
				CLANG_WARN_BLOCK_CAPTURE_AUTORELEASING = YES;
				CLANG_WARN_BOOL_CONVERSION = YES;
				CLANG_WARN_COMMA = YES;
				CLANG_WARN_CONSTANT_CONVERSION = YES;
				CLANG_WARN_DEPRECATED_OBJC_IMPLEMENTATIONS = YES;
				CLANG_WARN_DIRECT_OBJC_ISA_USAGE = YES_ERROR;
				CLANG_WARN_DOCUMENTATION_COMMENTS = YES;
				CLANG_WARN_EMPTY_BODY = YES;
				CLANG_WARN_ENUM_CONVERSION = YES;
				CLANG_WARN_INFINITE_RECURSION = YES;
				CLANG_WARN_INT_CONVERSION = YES;
				CLANG_WARN_NON_LITERAL_NULL_CONVERSION = YES;
				CLANG_WARN_OBJC_IMPLICIT_RETAIN_SELF = YES;
				CLANG_WARN_OBJC_LITERAL_CONVERSION = YES;
				CLANG_WARN_OBJC_ROOT_CLASS = YES_ERROR;
				CLANG_WARN_QUOTED_INCLUDE_IN_FRAMEWORK_HEADER = YES;
				CLANG_WARN_RANGE_LOOP_ANALYSIS = YES;
				CLANG_WARN_STRICT_PROTOTYPES = YES;
				CLANG_WARN_SUSPICIOUS_MOVE = YES;
				CLANG_WARN_UNGUARDED_AVAILABILITY = YES_AGGRESSIVE;
				CLANG_WARN_UNREACHABLE_CODE = YES;
				CLANG_WARN__DUPLICATE_METHOD_MATCH = YES;
				COPY_PHASE_STRIP = NO;
				DEBUG_INFORMATION_FORMAT = "dwarf-with-dsym";
				ENABLE_NS_ASSERTIONS = NO;
				ENABLE_STRICT_OBJC_MSGSEND = YES;
				GCC_C_LANGUAGE_STANDARD = gnu11;
				GCC_NO_COMMON_BLOCKS = YES;
				GCC_WARN_64_TO_32_BIT_CONVERSION = YES;
				GCC_WARN_ABOUT_RETURN_TYPE = YES_ERROR;
				GCC_WARN_UNDECLARED_SELECTOR = YES;
				GCC_WARN_UNINITIALIZED_AUTOS = YES_AGGRESSIVE;
				GCC_WARN_UNUSED_FUNCTION = YES;
				GCC_WARN_UNUSED_VARIABLE = YES;
				IPHONEOS_DEPLOYMENT_TARGET = 16.1;
				MTL_ENABLE_DEBUG_INFO = NO;
				MTL_FAST_MATH = YES;
				SDKROOT = iphoneos;
				SWIFT_COMPILATION_MODE = wholemodule;
				SWIFT_OPTIMIZATION_LEVEL = "-O";
				VALIDATE_PRODUCT = YES;
			};
			name = Release;
		};
		D2F46BD4292A0D57005DA9CB /* Debug */ = {
			isa = XCBuildConfiguration;
			baseConfigurationReference = BA8A064353D20FEC53F06E60 /* Pods-NutritionFacts.debug.xcconfig */;
			buildSettings = {
				ASSETCATALOG_COMPILER_APPICON_NAME = AppIcon;
				ASSETCATALOG_COMPILER_GLOBAL_ACCENT_COLOR_NAME = AccentColor;
				CODE_SIGN_STYLE = Automatic;
				CURRENT_PROJECT_VERSION = 1;
				DEVELOPMENT_TEAM = 4B6HF4627C;
				GENERATE_INFOPLIST_FILE = YES;
				INFOPLIST_FILE = NutritionFacts/SupportingFiles/Info.plist;
				INFOPLIST_KEY_UIApplicationSupportsIndirectInputEvents = YES;
				INFOPLIST_KEY_UILaunchStoryboardName = LaunchScreen;
				INFOPLIST_KEY_UISupportedInterfaceOrientations = "UIInterfaceOrientationLandscapeLeft UIInterfaceOrientationLandscapeRight UIInterfaceOrientationPortrait";
				LD_RUNPATH_SEARCH_PATHS = (
					"$(inherited)",
					"@executable_path/Frameworks",
				);
				MARKETING_VERSION = 1.0;
				PRODUCT_BUNDLE_IDENTIFIER = com.ahmad.NutritionFacts;
				PRODUCT_NAME = "$(TARGET_NAME)";
				SWIFT_EMIT_LOC_STRINGS = YES;
				SWIFT_VERSION = 5.0;
				TARGETED_DEVICE_FAMILY = "1,2";
			};
			name = Debug;
		};
		D2F46BD5292A0D57005DA9CB /* Release */ = {
			isa = XCBuildConfiguration;
			baseConfigurationReference = FFF8DBC7582C3AC514542451 /* Pods-NutritionFacts.release.xcconfig */;
			buildSettings = {
				ASSETCATALOG_COMPILER_APPICON_NAME = AppIcon;
				ASSETCATALOG_COMPILER_GLOBAL_ACCENT_COLOR_NAME = AccentColor;
				CODE_SIGN_STYLE = Automatic;
				CURRENT_PROJECT_VERSION = 1;
				DEVELOPMENT_TEAM = 4B6HF4627C;
				GENERATE_INFOPLIST_FILE = YES;
				INFOPLIST_FILE = NutritionFacts/SupportingFiles/Info.plist;
				INFOPLIST_KEY_UIApplicationSupportsIndirectInputEvents = YES;
				INFOPLIST_KEY_UILaunchStoryboardName = LaunchScreen;
				INFOPLIST_KEY_UISupportedInterfaceOrientations = "UIInterfaceOrientationLandscapeLeft UIInterfaceOrientationLandscapeRight UIInterfaceOrientationPortrait";
				LD_RUNPATH_SEARCH_PATHS = (
					"$(inherited)",
					"@executable_path/Frameworks",
				);
				MARKETING_VERSION = 1.0;
				PRODUCT_BUNDLE_IDENTIFIER = com.ahmad.NutritionFacts;
				PRODUCT_NAME = "$(TARGET_NAME)";
				SWIFT_EMIT_LOC_STRINGS = YES;
				SWIFT_VERSION = 5.0;
				TARGETED_DEVICE_FAMILY = "1,2";
			};
			name = Release;
		};
/* End XCBuildConfiguration section */

/* Begin XCConfigurationList section */
		D2F46BBA292A0D56005DA9CB /* Build configuration list for PBXProject "NutritionFacts" */ = {
			isa = XCConfigurationList;
			buildConfigurations = (
				D2F46BD1292A0D57005DA9CB /* Debug */,
				D2F46BD2292A0D57005DA9CB /* Release */,
			);
			defaultConfigurationIsVisible = 0;
			defaultConfigurationName = Release;
		};
		D2F46BD3292A0D57005DA9CB /* Build configuration list for PBXNativeTarget "NutritionFacts" */ = {
			isa = XCConfigurationList;
			buildConfigurations = (
				D2F46BD4292A0D57005DA9CB /* Debug */,
				D2F46BD5292A0D57005DA9CB /* Release */,
			);
			defaultConfigurationIsVisible = 0;
			defaultConfigurationName = Release;
		};
/* End XCConfigurationList section */
	};
	rootObject = D2F46BB7292A0D56005DA9CB /* Project object */;
}
